{
  "nodes": {
    "flake-utils": {
      "inputs": {
        "systems": "systems"
      },
      "locked": {
        "lastModified": 1681202837,
        "narHash": "sha256-H+Rh19JDwRtpVPAWp64F+rlEtxUWBAQW28eAi3SRSzg=",
        "owner": "numtide",
        "repo": "flake-utils",
        "rev": "cfacdce06f30d2b68473a46042957675eebb3401",
        "type": "github"
      },
      "original": {
        "owner": "numtide",
        "repo": "flake-utils",
        "type": "github"
      }
    },
    "nixpkgs": {
      "locked": {
        "lastModified": 1740603184,
        "narHash": "sha256-t+VaahjQAWyA+Ctn2idyo1yxRIYpaDxMgHkgCNiMJa4=",
        "owner": "nixos",
        "repo": "nixpkgs",
        "rev": "f44bd8ca21e026135061a0a57dcf3d0775b67a49",
        "type": "github"
      },
      "original": {
        "owner": "nixos",
        "ref": "nixos-24.11",
        "repo": "nixpkgs",
        "type": "github"
      }
    },
    "nixpkgs-unstable": {
      "locked": {
        "lastModified": 1740560979,
        "narHash": "sha256-Vr3Qi346M+8CjedtbyUevIGDZW8LcA1fTG0ugPY/Hic=",
        "owner": "nixos",
        "repo": "nixpkgs",
        "rev": "5135c59491985879812717f4c9fea69604e7f26f",
        "type": "github"
      },
      "original": {
        "owner": "nixos",
        "ref": "nixos-unstable",
        "repo": "nixpkgs",
        "type": "github"
      }
    },
    "nixpkgs_2": {
      "locked": {
        "lastModified": 1698318101,
        "narHash": "sha256-gUihHt3yPD7bVqg+k/UVHgngyaJ3DMEBchbymBMvK1E=",
        "owner": "NixOS",
        "repo": "nixpkgs",
        "rev": "63678e9f3d3afecfeafa0acead6239cdb447574c",
        "type": "github"
      },
      "original": {
        "owner": "NixOS",
        "ref": "nixos-unstable",
        "repo": "nixpkgs",
        "type": "github"
      }
    },
    "nixpkgs_3": {
      "locked": {
        "lastModified": 1682134069,
        "narHash": "sha256-TnI/ZXSmRxQDt2sjRYK/8j8iha4B4zP2cnQCZZ3vp7k=",
        "owner": "NixOS",
        "repo": "nixpkgs",
        "rev": "fd901ef4bf93499374c5af385b2943f5801c0833",
        "type": "github"
      },
      "original": {
        "id": "nixpkgs",
        "type": "indirect"
      }
    },
    "rke2": {
      "inputs": {
        "nixpkgs": "nixpkgs_2"
      },
      "locked": {
        "lastModified": 1718609143,
        "narHash": "sha256-HWDmtyLzohQb9kHI2AVKzb91EJTBi5YPnh+lKrjSOCY=",
        "owner": "numtide",
        "repo": "nixos-rke2",
        "rev": "c28d68bac74a55e6dc5c32147b00e2c4620278a3",
        "type": "github"
      },
      "original": {
        "owner": "numtide",
        "repo": "nixos-rke2",
        "type": "github"
      }
    },
    "root": {
      "inputs": {
        "nixpkgs": "nixpkgs",
        "nixpkgs-unstable": "nixpkgs-unstable",
        "rke2": "rke2",
        "sops-nix": "sops-nix",
        "vscode-server": "vscode-server"
      }
    },
    "sops-nix": {
      "inputs": {
        "nixpkgs": [
          "nixpkgs"
        ]
      },
      "locked": {
        "lastModified": 1739262228,
        "narHash": "sha256-7JAGezJ0Dn5qIyA2+T4Dt/xQgAbhCglh6lzCekTVMeU=",
        "owner": "Mic92",
        "repo": "sops-nix",
        "rev": "07af005bb7d60c7f118d9d9f5530485da5d1e975",
        "type": "github"
      },
      "original": {
        "owner": "Mic92",
        "repo": "sops-nix",
        "type": "github"
      }
    },
    "systems": {
      "locked": {
        "lastModified": 1681028828,
        "narHash": "sha256-Vy1rq5AaRuLzOxct8nz4T6wlgyUR7zLU309k9mBC768=",
        "owner": "nix-systems",
        "repo": "default",
        "rev": "da67096a3b9bf56a91d16901293e51ba5b49a27e",
        "type": "github"
      },
      "original": {
        "owner": "nix-systems",
        "repo": "default",
        "type": "github"
      }
    },
    "vscode-server": {
      "inputs": {
        "flake-utils": "flake-utils",
        "nixpkgs": "nixpkgs_3"
      },
      "locked": {
        "lastModified": 1729422940,
        "narHash": "sha256-DlvJv33ml5UTKgu4b0HauOfFIoDx6QXtbqUF3vWeRCY=",
        "owner": "nix-community",
        "repo": "nixos-vscode-server",
        "rev": "8b6db451de46ecf9b4ab3d01ef76e59957ff549f",
        "type": "github"
      },
      "original": {
        "owner": "nix-community",
        "repo": "nixos-vscode-server",
        "type": "github"
      }
    }
  },
  "root": "root",
  "version": 7
}
